
Microsoft Visual Studio Solution File, Format Version 12.00
# Visual Studio Version 16
VisualStudioVersion = 16.0.35931.194
MinimumVisualStudioVersion = 10.0.40219.1
Project("{FAE04EC0-301F-11D3-BF4B-00C04F79EFBC}") = "MeterTacker", "MeterTacker\MeterTacker.csproj", "{0AAD8480-AFA7-4926-AE86-C4F9332EF5CB}"
EndProject
Global
	GlobalSection(SolutionConfigurationPlatforms) = preSolution
		Debug|Any CPU = Debug|Any CPU
		Release|Any CPU = Release|Any CPU
	EndGlobalSection
	GlobalSection(ProjectConfigurationPlatforms) = postSolution
		{0AAD8480-AFA7-4926-AE86-C4F9332EF5CB}.Debug|Any CPU.ActiveCfg = Debug|Any CPU
		{0AAD8480-AFA7-4926-AE86-C4F9332EF5CB}.Debug|Any CPU.Build.0 = Debug|Any CPU
		{0AAD8480-AFA7-4926-AE86-C4F9332EF5CB}.Release|Any CPU.ActiveCfg = Release|Any CPU
		{0AAD8480-AFA7-4926-AE86-C4F9332EF5CB}.Release|Any CPU.Build.0 = Release|Any CPU
	EndGlobalSection
	GlobalSection(SolutionProperties) = preSolution
		HideSolutionNode = FALSE
	EndGlobalSection
	GlobalSection(ExtensibilityGlobals) = postSolution
		SolutionGuid = {A4EDD972-65FB-4E2B-A168-C73B86368C82}
	EndGlobalSection
EndGlobal
